<?xml version="1.0" encoding="utf-8"?>
<Project ToolsVersion="4.0" xmlns="http://schemas.microsoft.com/developer/msbuild/2003">
  <ItemGroup>
    <Filter Include="ソース ファイル">
      <UniqueIdentifier>{4FC737F1-C7A5-4376-A066-2A32D752A2FF}</UniqueIdentifier>
      <Extensions>cpp;c;cc;cxx;def;odl;idl;hpj;bat;asm;asmx</Extensions>
    </Filter>
    <Filter Include="ヘッダー ファイル">
      <UniqueIdentifier>{93995380-89BD-4b04-88EB-625FBE52EBFB}</UniqueIdentifier>
      <Extensions>h;hh;hpp;hxx;hm;inl;inc;ipp;xsd</Extensions>
    </Filter>
    <Filter Include="リソース ファイル">
      <UniqueIdentifier>{67DA6AB6-F800-4c08-8B7A-83BB121AAD01}</UniqueIdentifier>
      <Extensions>rc;ico;cur;bmp;dlg;rc2;rct;bin;rgs;gif;jpg;jpeg;jpe;resx;tiff;tif;png;wav;mfcribbon-ms</Extensions>
    </Filter>
    <Filter Include="ソース ファイル\Shaders">
      <UniqueIdentifier>{bd0a95ed-f54e-4b23-964d-ede7b66a5311}</UniqueIdentifier>
    </Filter>
    <Filter Include="ヘッダー ファイル\Shaders">
      <UniqueIdentifier>{7455671c-6e6e-4f56-a68f-f838acb7f3a0}</UniqueIdentifier>
    </Filter>
    <Filter Include="ソース ファイル\GameObjects">
      <UniqueIdentifier>{967b2b43-88fb-4d0f-a3e4-151a9be50dd4}</UniqueIdentifier>
    </Filter>
    <Filter Include="ヘッダー ファイル\GameObjects">
      <UniqueIdentifier>{7f90c453-ca9e-4fa9-86d4-0cdafce5d745}</UniqueIdentifier>
    </Filter>
    <Filter Include="ソース ファイル\Components">
      <UniqueIdentifier>{de8df151-bbe6-4844-9d10-cf239c0fbcd5}</UniqueIdentifier>
    </Filter>
    <Filter Include="ヘッダー ファイル\Components">
      <UniqueIdentifier>{e3614659-9a8b-4133-8b7f-235f4d8408b2}</UniqueIdentifier>
    </Filter>
    <Filter Include="ソース ファイル\Scenes">
      <UniqueIdentifier>{4499a82c-aa72-4189-8565-0a26bad6ae1a}</UniqueIdentifier>
    </Filter>
    <Filter Include="ヘッダー ファイル\Scenes">
      <UniqueIdentifier>{30df2141-c2e3-471c-a225-8258dd4a4ccc}</UniqueIdentifier>
    </Filter>
    <Filter Include="ソース ファイル\Managers">
      <UniqueIdentifier>{5bc8c09d-04b6-482c-a57d-3b861610358f}</UniqueIdentifier>
    </Filter>
    <Filter Include="ヘッダー ファイル\Managers">
      <UniqueIdentifier>{8b9a89c5-a4fa-49f0-ab2b-eb3a114abb07}</UniqueIdentifier>
    </Filter>
    <Filter Include="ソース ファイル\Components\Collisions">
      <UniqueIdentifier>{5a1636e5-3ad4-4d1e-ae19-ab852dbdfbd4}</UniqueIdentifier>
    </Filter>
    <Filter Include="ヘッダー ファイル\Components\Collisions">
      <UniqueIdentifier>{adc60f14-c7ff-4be2-a5e7-f22a7c7650d2}</UniqueIdentifier>
    </Filter>
  </ItemGroup>
  <ItemGroup>
    <ClCompile Include="main.cpp">
      <Filter>ソース ファイル</Filter>
    </ClCompile>
    <ClCompile Include="Shader3D.cpp">
      <Filter>ソース ファイル\Shaders</Filter>
    </ClCompile>
    <ClCompile Include="GameObject.cpp">
      <Filter>ソース ファイル\GameObjects</Filter>
    </ClCompile>
    <ClCompile Include="Component.cpp">
      <Filter>ソース ファイル\Components</Filter>
    </ClCompile>
    <ClCompile Include="Scene.cpp">
      <Filter>ソース ファイル\Scenes</Filter>
    </ClCompile>
    <ClCompile Include="Model.cpp">
      <Filter>ソース ファイル\Components</Filter>
    </ClCompile>
    <ClCompile Include="Texture.cpp">
      <Filter>ソース ファイル</Filter>
    </ClCompile>
    <ClCompile Include="DXManager.cpp">
      <Filter>ソース ファイル\Managers</Filter>
    </ClCompile>
    <ClCompile Include="Manager.cpp">
      <Filter>ソース ファイル\Managers</Filter>
    </ClCompile>
    <ClCompile Include="window.cpp">
      <Filter>ソース ファイル\Managers</Filter>
    </ClCompile>
    <ClCompile Include="ComponentFactory.cpp">
      <Filter>ソース ファイル\Components</Filter>
    </ClCompile>
    <ClCompile Include="Player.cpp">
      <Filter>ソース ファイル</Filter>
    </ClCompile>
    <ClCompile Include="Game.cpp">
      <Filter>ソース ファイル\Scenes</Filter>
    </ClCompile>
    <ClCompile Include="Collision.cpp">
      <Filter>ソース ファイル\Components\Collisions</Filter>
    </ClCompile>
    <ClCompile Include="CollisionSphere.cpp">
      <Filter>ソース ファイル\Components\Collisions</Filter>
    </ClCompile>
    <ClCompile Include="Camera.cpp">
      <Filter>ソース ファイル\GameObjects</Filter>
    </ClCompile>
    <ClCompile Include="InputManager.cpp">
      <Filter>ソース ファイル\Managers</Filter>
    </ClCompile>
    <ClCompile Include="Shader3D_Normal.cpp">
      <Filter>ソース ファイル\Shaders</Filter>
    </ClCompile>
    <ClCompile Include="ModelNormal.cpp">
      <Filter>ソース ファイル\Components</Filter>
    </ClCompile>
    <ClCompile Include="CollisionManager.cpp">
      <Filter>ソース ファイル\Managers</Filter>
    </ClCompile>
    <ClCompile Include="field.cpp">
      <Filter>ソース ファイル</Filter>
    </ClCompile>
    <ClCompile Include="Bullet.cpp">
      <Filter>ソース ファイル</Filter>
    </ClCompile>
    <ClCompile Include="CollisionOBB.cpp">
      <Filter>ソース ファイル\Components\Collisions</Filter>
    </ClCompile>
    <ClCompile Include="Wall.cpp">
      <Filter>ソース ファイル</Filter>
    </ClCompile>
  </ItemGroup>
  <ItemGroup>
    <ClInclude Include="main.h">
      <Filter>ヘッダー ファイル</Filter>
    </ClInclude>
    <ClInclude Include="Shader3D.h">
      <Filter>ヘッダー ファイル\Shaders</Filter>
    </ClInclude>
    <ClInclude Include="GameObject.h">
      <Filter>ヘッダー ファイル\GameObjects</Filter>
    </ClInclude>
    <ClInclude Include="Component.h">
      <Filter>ヘッダー ファイル\Components</Filter>
    </ClInclude>
    <ClInclude Include="Scene.h">
      <Filter>ヘッダー ファイル\Scenes</Filter>
    </ClInclude>
    <ClInclude Include="Model.h">
      <Filter>ヘッダー ファイル\Components</Filter>
    </ClInclude>
    <ClInclude Include="Texture.h">
      <Filter>ヘッダー ファイル</Filter>
    </ClInclude>
    <ClInclude Include="DXManager.h">
      <Filter>ヘッダー ファイル\Managers</Filter>
    </ClInclude>
    <ClInclude Include="Manager.h">
      <Filter>ヘッダー ファイル\Managers</Filter>
    </ClInclude>
    <ClInclude Include="window.h">
      <Filter>ヘッダー ファイル\Managers</Filter>
    </ClInclude>
    <ClInclude Include="ComponentFactory.h">
      <Filter>ヘッダー ファイル\Components</Filter>
    </ClInclude>
    <ClInclude Include="Player.h">
      <Filter>ヘッダー ファイル</Filter>
    </ClInclude>
    <ClInclude Include="Game.h">
      <Filter>ヘッダー ファイル\Scenes</Filter>
    </ClInclude>
    <ClInclude Include="CollisionSphere.h">
      <Filter>ヘッダー ファイル\Components\Collisions</Filter>
    </ClInclude>
    <ClInclude Include="Collision.h">
      <Filter>ヘッダー ファイル\Components\Collisions</Filter>
    </ClInclude>
    <ClInclude Include="Camera.h">
      <Filter>ヘッダー ファイル\GameObjects</Filter>
    </ClInclude>
    <ClInclude Include="InputManager.h">
      <Filter>ヘッダー ファイル\Managers</Filter>
    </ClInclude>
    <ClInclude Include="Shader3D_Normal.h">
      <Filter>ヘッダー ファイル\Shaders</Filter>
    </ClInclude>
    <ClInclude Include="ModelNormal.h">
      <Filter>ヘッダー ファイル\Components</Filter>
    </ClInclude>
    <ClInclude Include="CollisionManager.h">
      <Filter>ヘッダー ファイル\Managers</Filter>
    </ClInclude>
    <ClInclude Include="field.h">
      <Filter>ヘッダー ファイル</Filter>
    </ClInclude>
    <ClInclude Include="Bullet.h">
      <Filter>ヘッダー ファイル</Filter>
    </ClInclude>
    <ClInclude Include="CollisionOBB.h">
      <Filter>ヘッダー ファイル\Components\Collisions</Filter>
    </ClInclude>
    <ClInclude Include="Wall.h">
      <Filter>ヘッダー ファイル</Filter>
    </ClInclude>
  </ItemGroup>
  <ItemGroup>
    <FxCompile Include="vertexShader3D.hlsl">
      <Filter>ソース ファイル\Shaders</Filter>
    </FxCompile>
    <FxCompile Include="pixelShader3D.hlsl">
      <Filter>ソース ファイル\Shaders</Filter>
    </FxCompile>
    <FxCompile Include="PS_Normal.hlsl">
      <Filter>ソース ファイル\Shaders</Filter>
    </FxCompile>
    <FxCompile Include="VS_Normal.hlsl">
      <Filter>ソース ファイル\Shaders</Filter>
    </FxCompile>
  </ItemGroup>
</Project>